
Microsoft Visual Studio Solution File, Format Version 12.00
# Visual Studio Version 17
VisualStudioVersion = 17.9.34310.174
MinimumVisualStudioVersion = 10.0.40219.1
Project("{FAE04EC0-301F-11D3-BF4B-00C04F79EFBC}") = "VisitorBook.Backend.PL", "VisitorBook.Backend.PL\VisitorBook.Backend.PL.csproj", "{CFF8A01C-179F-48F6-80B8-8876F2BCFEFD}"
EndProject
Project("{FAE04EC0-301F-11D3-BF4B-00C04F79EFBC}") = "VisitorBook.Backend.DAL", "VisitorBook.Backend.DAL\VisitorBook.Backend.DAL.csproj", "{6BDCE827-A6B6-456A-AAD9-D3DE26CE10C4}"
EndProject
Project("{FAE04EC0-301F-11D3-BF4B-00C04F79EFBC}") = "VisitorBook.Backend.Core", "VisitorBook.Backend.Core\VisitorBook.Backend.Core.csproj", "{13D9A0FB-CBDD-4A55-91DD-6B812BDD6F64}"
EndProject
Project("{FAE04EC0-301F-11D3-BF4B-00C04F79EFBC}") = "VisitorBook.Backend.BL", "VisitorBook.Backend.BL\VisitorBook.Backend.BL.csproj", "{AD43D57C-6264-47FF-85AF-5294009222FB}"
EndProject
Global
	GlobalSection(SolutionConfigurationPlatforms) = preSolution
		Debug|Any CPU = Debug|Any CPU
		Release|Any CPU = Release|Any CPU
	EndGlobalSection
	GlobalSection(ProjectConfigurationPlatforms) = postSolution
		{CFF8A01C-179F-48F6-80B8-8876F2BCFEFD}.Debug|Any CPU.ActiveCfg = Debug|Any CPU
		{CFF8A01C-179F-48F6-80B8-8876F2BCFEFD}.Debug|Any CPU.Build.0 = Debug|Any CPU
		{CFF8A01C-179F-48F6-80B8-8876F2BCFEFD}.Release|Any CPU.ActiveCfg = Release|Any CPU
		{CFF8A01C-179F-48F6-80B8-8876F2BCFEFD}.Release|Any CPU.Build.0 = Release|Any CPU
		{6BDCE827-A6B6-456A-AAD9-D3DE26CE10C4}.Debug|Any CPU.ActiveCfg = Debug|Any CPU
		{6BDCE827-A6B6-456A-AAD9-D3DE26CE10C4}.Debug|Any CPU.Build.0 = Debug|Any CPU
		{6BDCE827-A6B6-456A-AAD9-D3DE26CE10C4}.Release|Any CPU.ActiveCfg = Release|Any CPU
		{6BDCE827-A6B6-456A-AAD9-D3DE26CE10C4}.Release|Any CPU.Build.0 = Release|Any CPU
		{13D9A0FB-CBDD-4A55-91DD-6B812BDD6F64}.Debug|Any CPU.ActiveCfg = Debug|Any CPU
		{13D9A0FB-CBDD-4A55-91DD-6B812BDD6F64}.Debug|Any CPU.Build.0 = Debug|Any CPU
		{13D9A0FB-CBDD-4A55-91DD-6B812BDD6F64}.Release|Any CPU.ActiveCfg = Release|Any CPU
		{13D9A0FB-CBDD-4A55-91DD-6B812BDD6F64}.Release|Any CPU.Build.0 = Release|Any CPU
		{AD43D57C-6264-47FF-85AF-5294009222FB}.Debug|Any CPU.ActiveCfg = Debug|Any CPU
		{AD43D57C-6264-47FF-85AF-5294009222FB}.Debug|Any CPU.Build.0 = Debug|Any CPU
		{AD43D57C-6264-47FF-85AF-5294009222FB}.Release|Any CPU.ActiveCfg = Release|Any CPU
		{AD43D57C-6264-47FF-85AF-5294009222FB}.Release|Any CPU.Build.0 = Release|Any CPU
	EndGlobalSection
	GlobalSection(SolutionProperties) = preSolution
		HideSolutionNode = FALSE
	EndGlobalSection
	GlobalSection(ExtensibilityGlobals) = postSolution
		SolutionGuid = {45AD92A1-A3B7-4A73-9E48-13EB3747F2BF}
	EndGlobalSection
EndGlobal
